
Microsoft Visual Studio Solution File, Format Version 12.00
# Visual Studio Version 17
VisualStudioVersion = 17.5.33424.131
MinimumVisualStudioVersion = 10.0.40219.1
Project("{9A19103F-16F7-4668-BE54-9A1E7A4F7556}") = "HsServer", "HsServer\HsServer.csproj", "{FDCB592F-ED9E-4823-9CD7-71920BED4C86}"
EndProject
Project("{9A19103F-16F7-4668-BE54-9A1E7A4F7556}") = "HsLib", "HsLib\HsLib.csproj", "{D04FEB48-A519-4919-9170-053668BCFDE3}"
EndProject
Project("{2150E333-8FDC-42A3-9474-1A3956D46DE8}") = "Solution Items", "Solution Items", "{758C80DF-119F-4F85-AE5F-FEDA6DBF3437}"
	ProjectSection(SolutionItems) = preProject
		.editorconfig = .editorconfig
	EndProjectSection
EndProject
Project("{9A19103F-16F7-4668-BE54-9A1E7A4F7556}") = "HsLibTests", "HsLibTests\HsLibTests.csproj", "{0714402E-BF4E-440A-9245-10C39188F926}"
EndProject
Project("{2150E333-8FDC-42A3-9474-1A3956D46DE8}") = "Helpers", "Helpers", "{A8C41240-0444-4216-9422-36DD9CBD8C78}"
EndProject
Project("{FAE04EC0-301F-11D3-BF4B-00C04F79EFBC}") = "CardsJsonToMd", "Helpers\CardsJsonToMd\CardsJsonToMd.csproj", "{CC6B209C-A7DF-40D2-B428-CC26F8FCBF8C}"
EndProject
Global
	GlobalSection(SolutionConfigurationPlatforms) = preSolution
		Debug|Any CPU = Debug|Any CPU
		Release|Any CPU = Release|Any CPU
	EndGlobalSection
	GlobalSection(ProjectConfigurationPlatforms) = postSolution
		{FDCB592F-ED9E-4823-9CD7-71920BED4C86}.Debug|Any CPU.ActiveCfg = Debug|Any CPU
		{FDCB592F-ED9E-4823-9CD7-71920BED4C86}.Debug|Any CPU.Build.0 = Debug|Any CPU
		{FDCB592F-ED9E-4823-9CD7-71920BED4C86}.Release|Any CPU.ActiveCfg = Release|Any CPU
		{FDCB592F-ED9E-4823-9CD7-71920BED4C86}.Release|Any CPU.Build.0 = Release|Any CPU
		{D04FEB48-A519-4919-9170-053668BCFDE3}.Debug|Any CPU.ActiveCfg = Debug|Any CPU
		{D04FEB48-A519-4919-9170-053668BCFDE3}.Debug|Any CPU.Build.0 = Debug|Any CPU
		{D04FEB48-A519-4919-9170-053668BCFDE3}.Release|Any CPU.ActiveCfg = Release|Any CPU
		{D04FEB48-A519-4919-9170-053668BCFDE3}.Release|Any CPU.Build.0 = Release|Any CPU
		{0714402E-BF4E-440A-9245-10C39188F926}.Debug|Any CPU.ActiveCfg = Debug|Any CPU
		{0714402E-BF4E-440A-9245-10C39188F926}.Debug|Any CPU.Build.0 = Debug|Any CPU
		{0714402E-BF4E-440A-9245-10C39188F926}.Release|Any CPU.ActiveCfg = Release|Any CPU
		{0714402E-BF4E-440A-9245-10C39188F926}.Release|Any CPU.Build.0 = Release|Any CPU
		{CC6B209C-A7DF-40D2-B428-CC26F8FCBF8C}.Debug|Any CPU.ActiveCfg = Debug|Any CPU
		{CC6B209C-A7DF-40D2-B428-CC26F8FCBF8C}.Debug|Any CPU.Build.0 = Debug|Any CPU
		{CC6B209C-A7DF-40D2-B428-CC26F8FCBF8C}.Release|Any CPU.ActiveCfg = Release|Any CPU
		{CC6B209C-A7DF-40D2-B428-CC26F8FCBF8C}.Release|Any CPU.Build.0 = Release|Any CPU
	EndGlobalSection
	GlobalSection(SolutionProperties) = preSolution
		HideSolutionNode = FALSE
	EndGlobalSection
	GlobalSection(NestedProjects) = preSolution
		{CC6B209C-A7DF-40D2-B428-CC26F8FCBF8C} = {A8C41240-0444-4216-9422-36DD9CBD8C78}
	EndGlobalSection
	GlobalSection(ExtensibilityGlobals) = postSolution
		SolutionGuid = {C50DE180-05DC-4AAA-B028-4E80AEEAECE8}
	EndGlobalSection
EndGlobal
