
Microsoft Visual Studio Solution File, Format Version 12.00
# Visual Studio Version 17
VisualStudioVersion = 17.5.33424.131
MinimumVisualStudioVersion = 10.0.40219.1
Project("{FAE04EC0-301F-11D3-BF4B-00C04F79EFBC}") = "Server", "Server\Server.csproj", "{FDCB592F-ED9E-4823-9CD7-71920BED4C86}"
EndProject
Project("{FAE04EC0-301F-11D3-BF4B-00C04F79EFBC}") = "Models", "Lib\Models.csproj", "{D04FEB48-A519-4919-9170-053668BCFDE3}"
EndProject
Project("{FAE04EC0-301F-11D3-BF4B-00C04F79EFBC}") = "Models.Tests", "Models.Tests\Models.Tests.csproj", "{B724710F-213B-40BF-AC9E-7E5FF6291F5F}"
EndProject
Global
	GlobalSection(SolutionConfigurationPlatforms) = preSolution
		Debug|Any CPU = Debug|Any CPU
		Release|Any CPU = Release|Any CPU
	EndGlobalSection
	GlobalSection(ProjectConfigurationPlatforms) = postSolution
		{FDCB592F-ED9E-4823-9CD7-71920BED4C86}.Debug|Any CPU.ActiveCfg = Debug|Any CPU
		{FDCB592F-ED9E-4823-9CD7-71920BED4C86}.Debug|Any CPU.Build.0 = Debug|Any CPU
		{FDCB592F-ED9E-4823-9CD7-71920BED4C86}.Release|Any CPU.ActiveCfg = Release|Any CPU
		{FDCB592F-ED9E-4823-9CD7-71920BED4C86}.Release|Any CPU.Build.0 = Release|Any CPU
		{D04FEB48-A519-4919-9170-053668BCFDE3}.Debug|Any CPU.ActiveCfg = Debug|Any CPU
		{D04FEB48-A519-4919-9170-053668BCFDE3}.Debug|Any CPU.Build.0 = Debug|Any CPU
		{D04FEB48-A519-4919-9170-053668BCFDE3}.Release|Any CPU.ActiveCfg = Release|Any CPU
		{D04FEB48-A519-4919-9170-053668BCFDE3}.Release|Any CPU.Build.0 = Release|Any CPU
		{B724710F-213B-40BF-AC9E-7E5FF6291F5F}.Debug|Any CPU.ActiveCfg = Debug|Any CPU
		{B724710F-213B-40BF-AC9E-7E5FF6291F5F}.Debug|Any CPU.Build.0 = Debug|Any CPU
		{B724710F-213B-40BF-AC9E-7E5FF6291F5F}.Release|Any CPU.ActiveCfg = Release|Any CPU
		{B724710F-213B-40BF-AC9E-7E5FF6291F5F}.Release|Any CPU.Build.0 = Release|Any CPU
	EndGlobalSection
	GlobalSection(SolutionProperties) = preSolution
		HideSolutionNode = FALSE
	EndGlobalSection
	GlobalSection(ExtensibilityGlobals) = postSolution
		SolutionGuid = {C50DE180-05DC-4AAA-B028-4E80AEEAECE8}
	EndGlobalSection
EndGlobal
